
Microsoft Visual Studio Solution File, Format Version 12.00
# Visual Studio Version 17
VisualStudioVersion = 17.8.34330.188
MinimumVisualStudioVersion = 10.0.40219.1
Project("{8BC9CEB8-8B4A-11D0-8D11-00A0C91BC942}") = "Lab11_QT", "Lab11_QT\Lab11_QT.vcxproj", "{BB50A7E1-7B04-43E3-90A2-DD1EA4869EF4}"
EndProject
Global
	GlobalSection(SolutionConfigurationPlatforms) = preSolution
		Debug|x64 = Debug|x64
		Release|x64 = Release|x64
	EndGlobalSection
	GlobalSection(ProjectConfigurationPlatforms) = postSolution
		{BB50A7E1-7B04-43E3-90A2-DD1EA4869EF4}.Debug|x64.ActiveCfg = Debug|x64
		{BB50A7E1-7B04-43E3-90A2-DD1EA4869EF4}.Debug|x64.Build.0 = Debug|x64
		{BB50A7E1-7B04-43E3-90A2-DD1EA4869EF4}.Release|x64.ActiveCfg = Release|x64
		{BB50A7E1-7B04-43E3-90A2-DD1EA4869EF4}.Release|x64.Build.0 = Release|x64
	EndGlobalSection
	GlobalSection(SolutionProperties) = preSolution
		HideSolutionNode = FALSE
	EndGlobalSection
	GlobalSection(ExtensibilityGlobals) = postSolution
		SolutionGuid = {4B98D087-0679-4CC6-B2A9-9931AA3DF89C}
	EndGlobalSection
EndGlobal
